
Microsoft Visual Studio Solution File, Format Version 12.00
Project("{FAE04EC0-301F-11D3-BF4B-00C04F79EFBC}") = "HRManagement.Api", "src\HRManagement.Api\HRManagement.Api.csproj", "{DC157988-4A23-464D-9F73-49D95D31FC21}"
EndProject
Project("{2150E333-8FDC-42A3-9474-1A3956D46DE8}") = "Modules", "Modules", "{F9CC4D5A-8F81-493E-8075-4AB8C96360F2}"
EndProject
Project("{2150E333-8FDC-42A3-9474-1A3956D46DE8}") = "Personnel", "Personnel", "{E23F9287-EDCA-4ED8-96E7-7EAF38B4C35A}"
EndProject
Project("{2150E333-8FDC-42A3-9474-1A3956D46DE8}") = "Common", "Common", "{827E5FF0-B1F1-4EE2-894A-B777D3F991CF}"
EndProject
Project("{FAE04EC0-301F-11D3-BF4B-00C04F79EFBC}") = "HRManagement.Common.Domain", "src\Common\HRManagement.Common.Domain\HRManagement.Common.Domain.csproj", "{ED1B1205-7003-4782-A9FC-10F0C2547473}"
EndProject
Project("{FAE04EC0-301F-11D3-BF4B-00C04F79EFBC}") = "HRManagement.Common.Application", "src\Common\HRManagement.Common.Application\HRManagement.Common.Application.csproj", "{CB8380B8-5987-41A8-A69C-18D1969A56FF}"
EndProject
Project("{FAE04EC0-301F-11D3-BF4B-00C04F79EFBC}") = "HRManagement.Common.Pertinence", "src\Common\HRManagement.Common.Pertinence\HRManagement.Common.Pertinence.csproj", "{C1787DDD-C5E3-45D7-A91C-D95325C14EC3}"
EndProject
Project("{2150E333-8FDC-42A3-9474-1A3956D46DE8}") = "Tests", "Tests", "{6E6ECBF8-30B9-41F5-98E1-AA4B740D6CA2}"
EndProject
Project("{2150E333-8FDC-42A3-9474-1A3956D46DE8}") = "Personnel", "Personnel", "{65FBAE66-CEB3-4152-80C3-384E25D6C96F}"
EndProject
Project("{FAE04EC0-301F-11D3-BF4B-00C04F79EFBC}") = "HRManagement.Personnel.Domain.UnitTests", "src\Tests\HRManagement.Personnel.Domain.UnitTests\HRManagement.Personnel.Domain.UnitTests.csproj", "{A6008F1B-80A4-42D8-B955-35325F9B1E2A}"
EndProject
Project("{FAE04EC0-301F-11D3-BF4B-00C04F79EFBC}") = "HRManagement.Personnel.Application.UnitTests", "src\Tests\HRManagement.Personnel.Application.UnitTests\HRManagement.Personnel.Application.UnitTests.csproj", "{AD9CB749-AB34-42AE-8407-EAE6D4570C7F}"
EndProject
Project("{FAE04EC0-301F-11D3-BF4B-00C04F79EFBC}") = "HRManagement.Modules.Personnel.Domain", "src\Modules\HRManagement.Modules.Personnel.Domain\HRManagement.Modules.Personnel.Domain.csproj", "{1DD018DC-650D-4084-B926-1C44DDE2F326}"
EndProject
Project("{FAE04EC0-301F-11D3-BF4B-00C04F79EFBC}") = "HRManagement.Modules.Personnel.Application", "src\Modules\HRManagement.Modules.Personnel.Application\HRManagement.Modules.Personnel.Application.csproj", "{7F8EDFFE-5157-44FC-9BFA-72061A01CAC2}"
EndProject
Project("{FAE04EC0-301F-11D3-BF4B-00C04F79EFBC}") = "HRManagement.Modules.Personnel.Persistence", "src\Modules\HRManagement.Modules.Personnel.Persistence\HRManagement.Modules.Personnel.Persistence.csproj", "{0E9874C1-7FEB-4B29-98F9-CD5609CBA379}"
EndProject
Project("{2150E333-8FDC-42A3-9474-1A3956D46DE8}") = "Api", "Api", "{2B658810-6B7C-4D8F-A97D-C5EAD4DCA4F7}"
EndProject
Project("{FAE04EC0-301F-11D3-BF4B-00C04F79EFBC}") = "HRManagement.Api.IntegrationTests", "src\Tests\HRManagement.Api.IntegrationTests\HRManagement.Api.IntegrationTests.csproj", "{008E0AB9-3337-4589-B364-B587D201013A}"
EndProject
Global
	GlobalSection(SolutionConfigurationPlatforms) = preSolution
		Debug|Any CPU = Debug|Any CPU
		Release|Any CPU = Release|Any CPU
	EndGlobalSection
	GlobalSection(ProjectConfigurationPlatforms) = postSolution
		{DC157988-4A23-464D-9F73-49D95D31FC21}.Debug|Any CPU.ActiveCfg = Debug|Any CPU
		{DC157988-4A23-464D-9F73-49D95D31FC21}.Debug|Any CPU.Build.0 = Debug|Any CPU
		{DC157988-4A23-464D-9F73-49D95D31FC21}.Release|Any CPU.ActiveCfg = Release|Any CPU
		{DC157988-4A23-464D-9F73-49D95D31FC21}.Release|Any CPU.Build.0 = Release|Any CPU
		{ED1B1205-7003-4782-A9FC-10F0C2547473}.Debug|Any CPU.ActiveCfg = Debug|Any CPU
		{ED1B1205-7003-4782-A9FC-10F0C2547473}.Debug|Any CPU.Build.0 = Debug|Any CPU
		{ED1B1205-7003-4782-A9FC-10F0C2547473}.Release|Any CPU.ActiveCfg = Release|Any CPU
		{ED1B1205-7003-4782-A9FC-10F0C2547473}.Release|Any CPU.Build.0 = Release|Any CPU
		{CB8380B8-5987-41A8-A69C-18D1969A56FF}.Debug|Any CPU.ActiveCfg = Debug|Any CPU
		{CB8380B8-5987-41A8-A69C-18D1969A56FF}.Debug|Any CPU.Build.0 = Debug|Any CPU
		{CB8380B8-5987-41A8-A69C-18D1969A56FF}.Release|Any CPU.ActiveCfg = Release|Any CPU
		{CB8380B8-5987-41A8-A69C-18D1969A56FF}.Release|Any CPU.Build.0 = Release|Any CPU
		{C1787DDD-C5E3-45D7-A91C-D95325C14EC3}.Debug|Any CPU.ActiveCfg = Debug|Any CPU
		{C1787DDD-C5E3-45D7-A91C-D95325C14EC3}.Debug|Any CPU.Build.0 = Debug|Any CPU
		{C1787DDD-C5E3-45D7-A91C-D95325C14EC3}.Release|Any CPU.ActiveCfg = Release|Any CPU
		{C1787DDD-C5E3-45D7-A91C-D95325C14EC3}.Release|Any CPU.Build.0 = Release|Any CPU
		{A6008F1B-80A4-42D8-B955-35325F9B1E2A}.Debug|Any CPU.ActiveCfg = Debug|Any CPU
		{A6008F1B-80A4-42D8-B955-35325F9B1E2A}.Debug|Any CPU.Build.0 = Debug|Any CPU
		{A6008F1B-80A4-42D8-B955-35325F9B1E2A}.Release|Any CPU.ActiveCfg = Release|Any CPU
		{A6008F1B-80A4-42D8-B955-35325F9B1E2A}.Release|Any CPU.Build.0 = Release|Any CPU
		{AD9CB749-AB34-42AE-8407-EAE6D4570C7F}.Debug|Any CPU.ActiveCfg = Debug|Any CPU
		{AD9CB749-AB34-42AE-8407-EAE6D4570C7F}.Debug|Any CPU.Build.0 = Debug|Any CPU
		{AD9CB749-AB34-42AE-8407-EAE6D4570C7F}.Release|Any CPU.ActiveCfg = Release|Any CPU
		{AD9CB749-AB34-42AE-8407-EAE6D4570C7F}.Release|Any CPU.Build.0 = Release|Any CPU
		{1DD018DC-650D-4084-B926-1C44DDE2F326}.Debug|Any CPU.ActiveCfg = Debug|Any CPU
		{1DD018DC-650D-4084-B926-1C44DDE2F326}.Debug|Any CPU.Build.0 = Debug|Any CPU
		{1DD018DC-650D-4084-B926-1C44DDE2F326}.Release|Any CPU.ActiveCfg = Release|Any CPU
		{1DD018DC-650D-4084-B926-1C44DDE2F326}.Release|Any CPU.Build.0 = Release|Any CPU
		{7F8EDFFE-5157-44FC-9BFA-72061A01CAC2}.Debug|Any CPU.ActiveCfg = Debug|Any CPU
		{7F8EDFFE-5157-44FC-9BFA-72061A01CAC2}.Debug|Any CPU.Build.0 = Debug|Any CPU
		{7F8EDFFE-5157-44FC-9BFA-72061A01CAC2}.Release|Any CPU.ActiveCfg = Release|Any CPU
		{7F8EDFFE-5157-44FC-9BFA-72061A01CAC2}.Release|Any CPU.Build.0 = Release|Any CPU
		{0E9874C1-7FEB-4B29-98F9-CD5609CBA379}.Debug|Any CPU.ActiveCfg = Debug|Any CPU
		{0E9874C1-7FEB-4B29-98F9-CD5609CBA379}.Debug|Any CPU.Build.0 = Debug|Any CPU
		{0E9874C1-7FEB-4B29-98F9-CD5609CBA379}.Release|Any CPU.ActiveCfg = Release|Any CPU
		{0E9874C1-7FEB-4B29-98F9-CD5609CBA379}.Release|Any CPU.Build.0 = Release|Any CPU
		{008E0AB9-3337-4589-B364-B587D201013A}.Debug|Any CPU.ActiveCfg = Debug|Any CPU
		{008E0AB9-3337-4589-B364-B587D201013A}.Debug|Any CPU.Build.0 = Debug|Any CPU
		{008E0AB9-3337-4589-B364-B587D201013A}.Release|Any CPU.ActiveCfg = Release|Any CPU
		{008E0AB9-3337-4589-B364-B587D201013A}.Release|Any CPU.Build.0 = Release|Any CPU
	EndGlobalSection
	GlobalSection(NestedProjects) = preSolution
		{E23F9287-EDCA-4ED8-96E7-7EAF38B4C35A} = {F9CC4D5A-8F81-493E-8075-4AB8C96360F2}
		{ED1B1205-7003-4782-A9FC-10F0C2547473} = {827E5FF0-B1F1-4EE2-894A-B777D3F991CF}
		{CB8380B8-5987-41A8-A69C-18D1969A56FF} = {827E5FF0-B1F1-4EE2-894A-B777D3F991CF}
		{C1787DDD-C5E3-45D7-A91C-D95325C14EC3} = {827E5FF0-B1F1-4EE2-894A-B777D3F991CF}
		{65FBAE66-CEB3-4152-80C3-384E25D6C96F} = {6E6ECBF8-30B9-41F5-98E1-AA4B740D6CA2}
		{A6008F1B-80A4-42D8-B955-35325F9B1E2A} = {65FBAE66-CEB3-4152-80C3-384E25D6C96F}
		{AD9CB749-AB34-42AE-8407-EAE6D4570C7F} = {65FBAE66-CEB3-4152-80C3-384E25D6C96F}
		{1DD018DC-650D-4084-B926-1C44DDE2F326} = {E23F9287-EDCA-4ED8-96E7-7EAF38B4C35A}
		{7F8EDFFE-5157-44FC-9BFA-72061A01CAC2} = {E23F9287-EDCA-4ED8-96E7-7EAF38B4C35A}
		{0E9874C1-7FEB-4B29-98F9-CD5609CBA379} = {E23F9287-EDCA-4ED8-96E7-7EAF38B4C35A}
		{2B658810-6B7C-4D8F-A97D-C5EAD4DCA4F7} = {6E6ECBF8-30B9-41F5-98E1-AA4B740D6CA2}
		{008E0AB9-3337-4589-B364-B587D201013A} = {2B658810-6B7C-4D8F-A97D-C5EAD4DCA4F7}
	EndGlobalSection
EndGlobal
