
Microsoft Visual Studio Solution File, Format Version 12.00
Project("{FAE04EC0-301F-11D3-BF4B-00C04F79EFBC}") = "HRManagement.Api", "src\HRManagement.Api\HRManagement.Api.csproj", "{DC157988-4A23-464D-9F73-49D95D31FC21}"
EndProject
Project("{2150E333-8FDC-42A3-9474-1A3956D46DE8}") = "Modules", "Modules", "{F9CC4D5A-8F81-493E-8075-4AB8C96360F2}"
EndProject
Project("{2150E333-8FDC-42A3-9474-1A3956D46DE8}") = "StaffManagement", "StaffManagement", "{E23F9287-EDCA-4ED8-96E7-7EAF38B4C35A}"
EndProject
Project("{2150E333-8FDC-42A3-9474-1A3956D46DE8}") = "Common", "Common", "{827E5FF0-B1F1-4EE2-894A-B777D3F991CF}"
EndProject
Project("{FAE04EC0-301F-11D3-BF4B-00C04F79EFBC}") = "HRManagement.Common.Domain", "src\Common\HRManagement.Common.Domain\HRManagement.Common.Domain.csproj", "{ED1B1205-7003-4782-A9FC-10F0C2547473}"
EndProject
Project("{FAE04EC0-301F-11D3-BF4B-00C04F79EFBC}") = "HRManagement.Common.Application", "src\Common\HRManagement.Common.Application\HRManagement.Common.Application.csproj", "{CB8380B8-5987-41A8-A69C-18D1969A56FF}"
EndProject
Project("{FAE04EC0-301F-11D3-BF4B-00C04F79EFBC}") = "HRManagement.Common.Pertinence", "src\Common\HRManagement.Common.Pertinence\HRManagement.Common.Pertinence.csproj", "{C1787DDD-C5E3-45D7-A91C-D95325C14EC3}"
EndProject
Project("{2150E333-8FDC-42A3-9474-1A3956D46DE8}") = "tests", "tests", "{6E6ECBF8-30B9-41F5-98E1-AA4B740D6CA2}"
EndProject
Project("{2150E333-8FDC-42A3-9474-1A3956D46DE8}") = "Staff", "Staff", "{65FBAE66-CEB3-4152-80C3-384E25D6C96F}"
EndProject
Project("{FAE04EC0-301F-11D3-BF4B-00C04F79EFBC}") = "HRManagement.Modules.Staff.Domain", "src\Modules\HRManagement.Modules.Staff.Domain\HRManagement.Modules.Staff.Domain.csproj", "{1DD018DC-650D-4084-B926-1C44DDE2F326}"
EndProject
Project("{FAE04EC0-301F-11D3-BF4B-00C04F79EFBC}") = "HRManagement.Modules.Staff.Application", "src\Modules\HRManagement.Modules.Staff.Application\HRManagement.Modules.Staff.Application.csproj", "{7F8EDFFE-5157-44FC-9BFA-72061A01CAC2}"
EndProject
Project("{FAE04EC0-301F-11D3-BF4B-00C04F79EFBC}") = "HRManagement.Modules.Staff.Persistence", "src\Modules\HRManagement.Modules.Staff.Persistence\HRManagement.Modules.Staff.Persistence.csproj", "{0E9874C1-7FEB-4B29-98F9-CD5609CBA379}"
EndProject
Project("{2150E333-8FDC-42A3-9474-1A3956D46DE8}") = "Api", "Api", "{2B658810-6B7C-4D8F-A97D-C5EAD4DCA4F7}"
EndProject
Project("{FAE04EC0-301F-11D3-BF4B-00C04F79EFBC}") = "HRManagement.Common.Infrastructure", "src\Common\HRManagement.Common.Infrastructure\HRManagement.Common.Infrastructure.csproj", "{F2C6B86C-1EBB-4426-94CB-8289D9B983EA}"
EndProject
Project("{2150E333-8FDC-42A3-9474-1A3956D46DE8}") = "Solution Items", "Solution Items", "{A313196B-94E0-4CE6-9BB3-C98213264B7E}"
	ProjectSection(SolutionItems) = preProject
		docker-compose.yml = docker-compose.yml
		docker-compose.debug.yml = docker-compose.debug.yml
	EndProjectSection
EndProject
Project("{2150E333-8FDC-42A3-9474-1A3956D46DE8}") = "src", "src", "{D53178F1-8F37-4503-A9FC-ADF01F38BCC7}"
EndProject
Project("{FAE04EC0-301F-11D3-BF4B-00C04F79EFBC}") = "HRManagement.Api.IntegrationTests", "tests\HRManagement.Api.IntegrationTests\HRManagement.Api.IntegrationTests.csproj", "{01047826-1C77-482C-AF33-324A1C5CAAD3}"
EndProject
Project("{FAE04EC0-301F-11D3-BF4B-00C04F79EFBC}") = "HRManagement.Modules.Staff", "src\Modules\HRManagement.Modules.Staff\HRManagement.Modules.Staff.csproj", "{A9391E6F-0EB7-494D-93FE-C93413AEE139}"
EndProject
Project("{2150E333-8FDC-42A3-9474-1A3956D46DE8}") = "Modules", "Modules", "{D8151D34-9FC1-48D1-82B7-AD9380A72ED9}"
EndProject
Project("{FAE04EC0-301F-11D3-BF4B-00C04F79EFBC}") = "HRManagement.Staff.Tests", "tests\HRManagement.Staff.Tests\HRManagement.Staff.Tests.csproj", "{7306EE5D-792D-4307-87D3-9BD32A1DDB5E}"
EndProject
Project("{FAE04EC0-301F-11D3-BF4B-00C04F79EFBC}") = "HRManagement.Common.Endpoints", "src\Common\HRManagement.Common.Endpoints\HRManagement.Common.Endpoints.csproj", "{DAB895C6-9574-498F-B83E-A8A15EC9058E}"
EndProject
Global
	GlobalSection(SolutionConfigurationPlatforms) = preSolution
		Debug|Any CPU = Debug|Any CPU
		Release|Any CPU = Release|Any CPU
	EndGlobalSection
	GlobalSection(ProjectConfigurationPlatforms) = postSolution
		{DC157988-4A23-464D-9F73-49D95D31FC21}.Debug|Any CPU.ActiveCfg = Debug|Any CPU
		{DC157988-4A23-464D-9F73-49D95D31FC21}.Debug|Any CPU.Build.0 = Debug|Any CPU
		{DC157988-4A23-464D-9F73-49D95D31FC21}.Release|Any CPU.ActiveCfg = Release|Any CPU
		{DC157988-4A23-464D-9F73-49D95D31FC21}.Release|Any CPU.Build.0 = Release|Any CPU
		{ED1B1205-7003-4782-A9FC-10F0C2547473}.Debug|Any CPU.ActiveCfg = Debug|Any CPU
		{ED1B1205-7003-4782-A9FC-10F0C2547473}.Debug|Any CPU.Build.0 = Debug|Any CPU
		{ED1B1205-7003-4782-A9FC-10F0C2547473}.Release|Any CPU.ActiveCfg = Release|Any CPU
		{ED1B1205-7003-4782-A9FC-10F0C2547473}.Release|Any CPU.Build.0 = Release|Any CPU
		{CB8380B8-5987-41A8-A69C-18D1969A56FF}.Debug|Any CPU.ActiveCfg = Debug|Any CPU
		{CB8380B8-5987-41A8-A69C-18D1969A56FF}.Debug|Any CPU.Build.0 = Debug|Any CPU
		{CB8380B8-5987-41A8-A69C-18D1969A56FF}.Release|Any CPU.ActiveCfg = Release|Any CPU
		{CB8380B8-5987-41A8-A69C-18D1969A56FF}.Release|Any CPU.Build.0 = Release|Any CPU
		{C1787DDD-C5E3-45D7-A91C-D95325C14EC3}.Debug|Any CPU.ActiveCfg = Debug|Any CPU
		{C1787DDD-C5E3-45D7-A91C-D95325C14EC3}.Debug|Any CPU.Build.0 = Debug|Any CPU
		{C1787DDD-C5E3-45D7-A91C-D95325C14EC3}.Release|Any CPU.ActiveCfg = Release|Any CPU
		{C1787DDD-C5E3-45D7-A91C-D95325C14EC3}.Release|Any CPU.Build.0 = Release|Any CPU
		{1DD018DC-650D-4084-B926-1C44DDE2F326}.Debug|Any CPU.ActiveCfg = Debug|Any CPU
		{1DD018DC-650D-4084-B926-1C44DDE2F326}.Debug|Any CPU.Build.0 = Debug|Any CPU
		{1DD018DC-650D-4084-B926-1C44DDE2F326}.Release|Any CPU.ActiveCfg = Release|Any CPU
		{1DD018DC-650D-4084-B926-1C44DDE2F326}.Release|Any CPU.Build.0 = Release|Any CPU
		{7F8EDFFE-5157-44FC-9BFA-72061A01CAC2}.Debug|Any CPU.ActiveCfg = Debug|Any CPU
		{7F8EDFFE-5157-44FC-9BFA-72061A01CAC2}.Debug|Any CPU.Build.0 = Debug|Any CPU
		{7F8EDFFE-5157-44FC-9BFA-72061A01CAC2}.Release|Any CPU.ActiveCfg = Release|Any CPU
		{7F8EDFFE-5157-44FC-9BFA-72061A01CAC2}.Release|Any CPU.Build.0 = Release|Any CPU
		{0E9874C1-7FEB-4B29-98F9-CD5609CBA379}.Debug|Any CPU.ActiveCfg = Debug|Any CPU
		{0E9874C1-7FEB-4B29-98F9-CD5609CBA379}.Debug|Any CPU.Build.0 = Debug|Any CPU
		{0E9874C1-7FEB-4B29-98F9-CD5609CBA379}.Release|Any CPU.ActiveCfg = Release|Any CPU
		{0E9874C1-7FEB-4B29-98F9-CD5609CBA379}.Release|Any CPU.Build.0 = Release|Any CPU
		{F2C6B86C-1EBB-4426-94CB-8289D9B983EA}.Debug|Any CPU.ActiveCfg = Debug|Any CPU
		{F2C6B86C-1EBB-4426-94CB-8289D9B983EA}.Debug|Any CPU.Build.0 = Debug|Any CPU
		{F2C6B86C-1EBB-4426-94CB-8289D9B983EA}.Release|Any CPU.ActiveCfg = Release|Any CPU
		{F2C6B86C-1EBB-4426-94CB-8289D9B983EA}.Release|Any CPU.Build.0 = Release|Any CPU
		{01047826-1C77-482C-AF33-324A1C5CAAD3}.Debug|Any CPU.ActiveCfg = Debug|Any CPU
		{01047826-1C77-482C-AF33-324A1C5CAAD3}.Debug|Any CPU.Build.0 = Debug|Any CPU
		{01047826-1C77-482C-AF33-324A1C5CAAD3}.Release|Any CPU.ActiveCfg = Release|Any CPU
		{01047826-1C77-482C-AF33-324A1C5CAAD3}.Release|Any CPU.Build.0 = Release|Any CPU
		{A9391E6F-0EB7-494D-93FE-C93413AEE139}.Debug|Any CPU.ActiveCfg = Debug|Any CPU
		{A9391E6F-0EB7-494D-93FE-C93413AEE139}.Debug|Any CPU.Build.0 = Debug|Any CPU
		{A9391E6F-0EB7-494D-93FE-C93413AEE139}.Release|Any CPU.ActiveCfg = Release|Any CPU
		{A9391E6F-0EB7-494D-93FE-C93413AEE139}.Release|Any CPU.Build.0 = Release|Any CPU
		{7306EE5D-792D-4307-87D3-9BD32A1DDB5E}.Debug|Any CPU.ActiveCfg = Debug|Any CPU
		{7306EE5D-792D-4307-87D3-9BD32A1DDB5E}.Debug|Any CPU.Build.0 = Debug|Any CPU
		{7306EE5D-792D-4307-87D3-9BD32A1DDB5E}.Release|Any CPU.ActiveCfg = Release|Any CPU
		{7306EE5D-792D-4307-87D3-9BD32A1DDB5E}.Release|Any CPU.Build.0 = Release|Any CPU
		{DAB895C6-9574-498F-B83E-A8A15EC9058E}.Debug|Any CPU.ActiveCfg = Debug|Any CPU
		{DAB895C6-9574-498F-B83E-A8A15EC9058E}.Debug|Any CPU.Build.0 = Debug|Any CPU
		{DAB895C6-9574-498F-B83E-A8A15EC9058E}.Release|Any CPU.ActiveCfg = Release|Any CPU
		{DAB895C6-9574-498F-B83E-A8A15EC9058E}.Release|Any CPU.Build.0 = Release|Any CPU
	EndGlobalSection
	GlobalSection(NestedProjects) = preSolution
		{E23F9287-EDCA-4ED8-96E7-7EAF38B4C35A} = {F9CC4D5A-8F81-493E-8075-4AB8C96360F2}
		{ED1B1205-7003-4782-A9FC-10F0C2547473} = {827E5FF0-B1F1-4EE2-894A-B777D3F991CF}
		{CB8380B8-5987-41A8-A69C-18D1969A56FF} = {827E5FF0-B1F1-4EE2-894A-B777D3F991CF}
		{C1787DDD-C5E3-45D7-A91C-D95325C14EC3} = {827E5FF0-B1F1-4EE2-894A-B777D3F991CF}
		{1DD018DC-650D-4084-B926-1C44DDE2F326} = {E23F9287-EDCA-4ED8-96E7-7EAF38B4C35A}
		{7F8EDFFE-5157-44FC-9BFA-72061A01CAC2} = {E23F9287-EDCA-4ED8-96E7-7EAF38B4C35A}
		{0E9874C1-7FEB-4B29-98F9-CD5609CBA379} = {E23F9287-EDCA-4ED8-96E7-7EAF38B4C35A}
		{2B658810-6B7C-4D8F-A97D-C5EAD4DCA4F7} = {6E6ECBF8-30B9-41F5-98E1-AA4B740D6CA2}
		{F2C6B86C-1EBB-4426-94CB-8289D9B983EA} = {827E5FF0-B1F1-4EE2-894A-B777D3F991CF}
		{827E5FF0-B1F1-4EE2-894A-B777D3F991CF} = {D53178F1-8F37-4503-A9FC-ADF01F38BCC7}
		{F9CC4D5A-8F81-493E-8075-4AB8C96360F2} = {D53178F1-8F37-4503-A9FC-ADF01F38BCC7}
		{DC157988-4A23-464D-9F73-49D95D31FC21} = {D53178F1-8F37-4503-A9FC-ADF01F38BCC7}
		{01047826-1C77-482C-AF33-324A1C5CAAD3} = {2B658810-6B7C-4D8F-A97D-C5EAD4DCA4F7}
		{A9391E6F-0EB7-494D-93FE-C93413AEE139} = {E23F9287-EDCA-4ED8-96E7-7EAF38B4C35A}
		{D8151D34-9FC1-48D1-82B7-AD9380A72ED9} = {6E6ECBF8-30B9-41F5-98E1-AA4B740D6CA2}
		{65FBAE66-CEB3-4152-80C3-384E25D6C96F} = {D8151D34-9FC1-48D1-82B7-AD9380A72ED9}
		{7306EE5D-792D-4307-87D3-9BD32A1DDB5E} = {65FBAE66-CEB3-4152-80C3-384E25D6C96F}
		{DAB895C6-9574-498F-B83E-A8A15EC9058E} = {827E5FF0-B1F1-4EE2-894A-B777D3F991CF}
	EndGlobalSection
EndGlobal
